
Microsoft Visual Studio Solution File, Format Version 12.00
# Visual Studio 15
VisualStudioVersion = 15.0.27004.2008
MinimumVisualStudioVersion = 10.0.40219.1
Project("{FAE04EC0-301F-11D3-BF4B-00C04F79EFBC}") = "ÜbungWPF", "ÜbungWPF\ÜbungWPF.csproj", "{FAEAFEBF-4F78-462D-95E9-B810E9D70CA4}"
EndProject
Project("{FAE04EC0-301F-11D3-BF4B-00C04F79EFBC}") = "ÜbungWPFCaliburnMicro", "ÜbungWPFCaliburnMicro\ÜbungWPFCaliburnMicro.csproj", "{2D022094-8E6E-43BC-BF65-4E2CEA46CDE6}"
EndProject
Project("{FAE04EC0-301F-11D3-BF4B-00C04F79EFBC}") = "ÜbungWPFDownloadTool", "ÜbungWPFDownloadTool\ÜbungWPFDownloadTool.csproj", "{016B09EB-D058-4A73-A6C8-ED861927315B}"
EndProject
Project("{FAE04EC0-301F-11D3-BF4B-00C04F79EFBC}") = "WPFTest", "WPFTest\WPFTest.csproj", "{E4BA0C1B-41DE-4358-A8CA-BA198F74A9D2}"
EndProject
Global
	GlobalSection(SolutionConfigurationPlatforms) = preSolution
		Debug|Any CPU = Debug|Any CPU
		Release|Any CPU = Release|Any CPU
	EndGlobalSection
	GlobalSection(ProjectConfigurationPlatforms) = postSolution
		{FAEAFEBF-4F78-462D-95E9-B810E9D70CA4}.Debug|Any CPU.ActiveCfg = Debug|Any CPU
		{FAEAFEBF-4F78-462D-95E9-B810E9D70CA4}.Debug|Any CPU.Build.0 = Debug|Any CPU
		{FAEAFEBF-4F78-462D-95E9-B810E9D70CA4}.Release|Any CPU.ActiveCfg = Release|Any CPU
		{FAEAFEBF-4F78-462D-95E9-B810E9D70CA4}.Release|Any CPU.Build.0 = Release|Any CPU
		{2D022094-8E6E-43BC-BF65-4E2CEA46CDE6}.Debug|Any CPU.ActiveCfg = Debug|Any CPU
		{2D022094-8E6E-43BC-BF65-4E2CEA46CDE6}.Debug|Any CPU.Build.0 = Debug|Any CPU
		{2D022094-8E6E-43BC-BF65-4E2CEA46CDE6}.Release|Any CPU.ActiveCfg = Release|Any CPU
		{2D022094-8E6E-43BC-BF65-4E2CEA46CDE6}.Release|Any CPU.Build.0 = Release|Any CPU
		{016B09EB-D058-4A73-A6C8-ED861927315B}.Debug|Any CPU.ActiveCfg = Debug|Any CPU
		{016B09EB-D058-4A73-A6C8-ED861927315B}.Debug|Any CPU.Build.0 = Debug|Any CPU
		{016B09EB-D058-4A73-A6C8-ED861927315B}.Release|Any CPU.ActiveCfg = Release|Any CPU
		{016B09EB-D058-4A73-A6C8-ED861927315B}.Release|Any CPU.Build.0 = Release|Any CPU
		{E4BA0C1B-41DE-4358-A8CA-BA198F74A9D2}.Debug|Any CPU.ActiveCfg = Debug|Any CPU
		{E4BA0C1B-41DE-4358-A8CA-BA198F74A9D2}.Debug|Any CPU.Build.0 = Debug|Any CPU
		{E4BA0C1B-41DE-4358-A8CA-BA198F74A9D2}.Release|Any CPU.ActiveCfg = Release|Any CPU
		{E4BA0C1B-41DE-4358-A8CA-BA198F74A9D2}.Release|Any CPU.Build.0 = Release|Any CPU
	EndGlobalSection
	GlobalSection(SolutionProperties) = preSolution
		HideSolutionNode = FALSE
	EndGlobalSection
	GlobalSection(ExtensibilityGlobals) = postSolution
		SolutionGuid = {98ABB5E3-35A0-4F9F-AF02-6FE2B7C77A88}
	EndGlobalSection
EndGlobal
